
Microsoft Visual Studio Solution File, Format Version 12.00
# Visual Studio Version 17
VisualStudioVersion = 17.11.35222.181
MinimumVisualStudioVersion = 10.0.40219.1
Project("{FAE04EC0-301F-11D3-BF4B-00C04F79EFBC}") = "Kalkulator", "Kalkulator\Kalkulator.csproj", "{BBC77791-3854-4B44-B55D-1796758444C0}"
EndProject
Global
	GlobalSection(SolutionConfigurationPlatforms) = preSolution
		Debug|Any CPU = Debug|Any CPU
		Release|Any CPU = Release|Any CPU
	EndGlobalSection
	GlobalSection(ProjectConfigurationPlatforms) = postSolution
		{BBC77791-3854-4B44-B55D-1796758444C0}.Debug|Any CPU.ActiveCfg = Debug|Any CPU
		{BBC77791-3854-4B44-B55D-1796758444C0}.Debug|Any CPU.Build.0 = Debug|Any CPU
		{BBC77791-3854-4B44-B55D-1796758444C0}.Release|Any CPU.ActiveCfg = Release|Any CPU
		{BBC77791-3854-4B44-B55D-1796758444C0}.Release|Any CPU.Build.0 = Release|Any CPU
	EndGlobalSection
	GlobalSection(SolutionProperties) = preSolution
		HideSolutionNode = FALSE
	EndGlobalSection
	GlobalSection(ExtensibilityGlobals) = postSolution
		SolutionGuid = {929DC102-0466-4B29-87E0-973C99382F6A}
	EndGlobalSection
EndGlobal
